
Microsoft Visual Studio Solution File, Format Version 12.00
# Visual Studio Version 17
VisualStudioVersion = 17.12.35707.178 d17.12
MinimumVisualStudioVersion = 10.0.40219.1
Project("{FAE04EC0-301F-11D3-BF4B-00C04F79EFBC}") = "T4-PR1-CristianSala", "T4-PR1-CristianSala\T4-PR1-CristianSala.csproj", "{65DB6EF2-6F88-4726-85F6-274AF9FA0DAE}"
EndProject
Global
	GlobalSection(SolutionConfigurationPlatforms) = preSolution
		Debug|Any CPU = Debug|Any CPU
		Release|Any CPU = Release|Any CPU
	EndGlobalSection
	GlobalSection(ProjectConfigurationPlatforms) = postSolution
		{65DB6EF2-6F88-4726-85F6-274AF9FA0DAE}.Debug|Any CPU.ActiveCfg = Debug|Any CPU
		{65DB6EF2-6F88-4726-85F6-274AF9FA0DAE}.Debug|Any CPU.Build.0 = Debug|Any CPU
		{65DB6EF2-6F88-4726-85F6-274AF9FA0DAE}.Release|Any CPU.ActiveCfg = Release|Any CPU
		{65DB6EF2-6F88-4726-85F6-274AF9FA0DAE}.Release|Any CPU.Build.0 = Release|Any CPU
	EndGlobalSection
	GlobalSection(SolutionProperties) = preSolution
		HideSolutionNode = FALSE
	EndGlobalSection
EndGlobal
